// !$*UTF8*$!
{
	archiveVersion = 1;
	classes = {
	};
	objectVersion = 46;
	objects = {

/* Begin PBXBuildFile section */
		C4B6DBEB1AB31B9000ED883A /* AppDelegate.swift in Sources */ = {isa = PBXBuildFile; fileRef = C4B6DBEA1AB31B9000ED883A /* AppDelegate.swift */; };
		C4B6DBED1AB31B9000ED883A /* ViewController.swift in Sources */ = {isa = PBXBuildFile; fileRef = C4B6DBEC1AB31B9000ED883A /* ViewController.swift */; };
		C4B6DBF01AB31B9000ED883A /* Main.storyboard in Resources */ = {isa = PBXBuildFile; fileRef = C4B6DBEE1AB31B9000ED883A /* Main.storyboard */; };
		C4B6DBF21AB31B9000ED883A /* Images.xcassets in Resources */ = {isa = PBXBuildFile; fileRef = C4B6DBF11AB31B9000ED883A /* Images.xcassets */; };
		C4B6DBF51AB31B9000ED883A /* LaunchScreen.xib in Resources */ = {isa = PBXBuildFile; fileRef = C4B6DBF31AB31B9000ED883A /* LaunchScreen.xib */; };
		C4B6DC011AB31B9000ED883A /* NewQuickExampleTests.swift in Sources */ = {isa = PBXBuildFile; fileRef = C4B6DC001AB31B9000ED883A /* NewQuickExampleTests.swift */; };
/* End PBXBuildFile section */

/* Begin PBXContainerItemProxy section */
		C4B6DBFB1AB31B9000ED883A /* PBXContainerItemProxy */ = {
			isa = PBXContainerItemProxy;
			containerPortal = C4B6DBDD1AB31B9000ED883A /* Project object */;
			proxyType = 1;
			remoteGlobalIDString = C4B6DBE41AB31B9000ED883A;
			remoteInfo = NewQuickExample;
		};
/* End PBXContainerItemProxy section */

/* Begin PBXFileReference section */
		C4B6DBE51AB31B9000ED883A /* NewQuickExample.app */ = {isa = PBXFileReference; explicitFileType = wrapper.application; includeInIndex = 0; path = NewQuickExample.app; sourceTree = BUILT_PRODUCTS_DIR; };
		C4B6DBE91AB31B9000ED883A /* Info.plist */ = {isa = PBXFileReference; lastKnownFileType = text.plist.xml; path = Info.plist; sourceTree = "<group>"; };
		C4B6DBEA1AB31B9000ED883A /* AppDelegate.swift */ = {isa = PBXFileReference; lastKnownFileType = sourcecode.swift; path = AppDelegate.swift; sourceTree = "<group>"; };
		C4B6DBEC1AB31B9000ED883A /* ViewController.swift */ = {isa = PBXFileReference; lastKnownFileType = sourcecode.swift; path = ViewController.swift; sourceTree = "<group>"; };
		C4B6DBEF1AB31B9000ED883A /* Base */ = {isa = PBXFileReference; lastKnownFileType = file.storyboard; name = Base; path = Base.lproj/Main.storyboard; sourceTree = "<group>"; };
		C4B6DBF11AB31B9000ED883A /* Images.xcassets */ = {isa = PBXFileReference; lastKnownFileType = folder.assetcatalog; path = Images.xcassets; sourceTree = "<group>"; };
		C4B6DBF41AB31B9000ED883A /* Base */ = {isa = PBXFileReference; lastKnownFileType = file.xib; name = Base; path = Base.lproj/LaunchScreen.xib; sourceTree = "<group>"; };
		C4B6DBFA1AB31B9000ED883A /* NewQuickExampleTests.xctest */ = {isa = PBXFileReference; explicitFileType = wrapper.cfbundle; includeInIndex = 0; path = NewQuickExampleTests.xctest; sourceTree = BUILT_PRODUCTS_DIR; };
		C4B6DBFF1AB31B9000ED883A /* Info.plist */ = {isa = PBXFileReference; lastKnownFileType = text.plist.xml; path = Info.plist; sourceTree = "<group>"; };
		C4B6DC001AB31B9000ED883A /* NewQuickExampleTests.swift */ = {isa = PBXFileReference; lastKnownFileType = sourcecode.swift; path = NewQuickExampleTests.swift; sourceTree = "<group>"; };
/* End PBXFileReference section */

/* Begin PBXFrameworksBuildPhase section */
		C4B6DBE21AB31B9000ED883A /* Frameworks */ = {
			isa = PBXFrameworksBuildPhase;
			buildActionMask = 2147483647;
			files = (
			);
			runOnlyForDeploymentPostprocessing = 0;
		};
		C4B6DBF71AB31B9000ED883A /* Frameworks */ = {
			isa = PBXFrameworksBuildPhase;
			buildActionMask = 2147483647;
			files = (
			);
			runOnlyForDeploymentPostprocessing = 0;
		};
/* End PBXFrameworksBuildPhase section */

/* Begin PBXGroup section */
		C4B6DBDC1AB31B9000ED883A = {
			isa = PBXGroup;
			children = (
				C4B6DBE71AB31B9000ED883A /* NewQuickExample */,
				C4B6DBFD1AB31B9000ED883A /* NewQuickExampleTests */,
				C4B6DBE61AB31B9000ED883A /* Products */,
			);
			sourceTree = "<group>";
		};
		C4B6DBE61AB31B9000ED883A /* Products */ = {
			isa = PBXGroup;
			children = (
				C4B6DBE51AB31B9000ED883A /* NewQuickExample.app */,
				C4B6DBFA1AB31B9000ED883A /* NewQuickExampleTests.xctest */,
			);
			name = Products;
			sourceTree = "<group>";
		};
		C4B6DBE71AB31B9000ED883A /* NewQuickExample */ = {
			isa = PBXGroup;
			children = (
				C4B6DBEA1AB31B9000ED883A /* AppDelegate.swift */,
				C4B6DBEC1AB31B9000ED883A /* ViewController.swift */,
				C4B6DBEE1AB31B9000ED883A /* Main.storyboard */,
				C4B6DBF11AB31B9000ED883A /* Images.xcassets */,
				C4B6DBF31AB31B9000ED883A /* LaunchScreen.xib */,
				C4B6DBE81AB31B9000ED883A /* Supporting Files */,
			);
			path = NewQuickExample;
			sourceTree = "<group>";
		};
		C4B6DBE81AB31B9000ED883A /* Supporting Files */ = {
			isa = PBXGroup;
			children = (
				C4B6DBE91AB31B9000ED883A /* Info.plist */,
			);
			name = "Supporting Files";
			sourceTree = "<group>";
		};
		C4B6DBFD1AB31B9000ED883A /* NewQuickExampleTests */ = {
			isa = PBXGroup;
			children = (
				C4B6DC001AB31B9000ED883A /* NewQuickExampleTests.swift */,
				C4B6DBFE1AB31B9000ED883A /* Supporting Files */,
			);
			path = NewQuickExampleTests;
			sourceTree = "<group>";
		};
		C4B6DBFE1AB31B9000ED883A /* Supporting Files */ = {
			isa = PBXGroup;
			children = (
				C4B6DBFF1AB31B9000ED883A /* Info.plist */,
			);
			name = "Supporting Files";
			sourceTree = "<group>";
		};
/* End PBXGroup section */

/* Begin PBXNativeTarget section */
		C4B6DBE41AB31B9000ED883A /* NewQuickExample */ = {
			isa = PBXNativeTarget;
			buildConfigurationList = C4B6DC041AB31B9000ED883A /* Build configuration list for PBXNativeTarget "NewQuickExample" */;
			buildPhases = (
				C4B6DBE11AB31B9000ED883A /* Sources */,
				C4B6DBE21AB31B9000ED883A /* Frameworks */,
				C4B6DBE31AB31B9000ED883A /* Resources */,
			);
			buildRules = (
			);
			dependencies = (
			);
			name = NewQuickExample;
			productName = NewQuickExample;
			productReference = C4B6DBE51AB31B9000ED883A /* NewQuickExample.app */;
			productType = "com.apple.product-type.application";
		};
		C4B6DBF91AB31B9000ED883A /* NewQuickExampleTests */ = {
			isa = PBXNativeTarget;
			buildConfigurationList = C4B6DC071AB31B9000ED883A /* Build configuration list for PBXNativeTarget "NewQuickExampleTests" */;
			buildPhases = (
				C4B6DBF61AB31B9000ED883A /* Sources */,
				C4B6DBF71AB31B9000ED883A /* Frameworks */,
				C4B6DBF81AB31B9000ED883A /* Resources */,
			);
			buildRules = (
			);
			dependencies = (
				C4B6DBFC1AB31B9000ED883A /* PBXTargetDependency */,
			);
			name = NewQuickExampleTests;
			productName = NewQuickExampleTests;
			productReference = C4B6DBFA1AB31B9000ED883A /* NewQuickExampleTests.xctest */;
			productType = "com.apple.product-type.bundle.unit-test";
		};
/* End PBXNativeTarget section */

/* Begin PBXProject section */
		C4B6DBDD1AB31B9000ED883A /* Project object */ = {
			isa = PBXProject;
			attributes = {
				LastUpgradeCheck = 0620;
				ORGANIZATIONNAME = idealista;
				TargetAttributes = {
					C4B6DBE41AB31B9000ED883A = {
						CreatedOnToolsVersion = 6.2;
					};
					C4B6DBF91AB31B9000ED883A = {
						CreatedOnToolsVersion = 6.2;
						TestTargetID = C4B6DBE41AB31B9000ED883A;
					};
				};
			};
			buildConfigurationList = C4B6DBE01AB31B9000ED883A /* Build configuration list for PBXProject "NewQuickExample" */;
			compatibilityVersion = "Xcode 3.2";
			developmentRegion = English;
			hasScannedForEncodings = 0;
			knownRegions = (
				en,
				Base,
			);
			mainGroup = C4B6DBDC1AB31B9000ED883A;
			productRefGroup = C4B6DBE61AB31B9000ED883A /* Products */;
			projectDirPath = "";
			projectRoot = "";
			targets = (
				C4B6DBE41AB31B9000ED883A /* NewQuickExample */,
				C4B6DBF91AB31B9000ED883A /* NewQuickExampleTests */,
			);
		};
/* End PBXProject section */

/* Begin PBXResourcesBuildPhase section */
		C4B6DBE31AB31B9000ED883A /* Resources */ = {
			isa = PBXResourcesBuildPhase;
			buildActionMask = 2147483647;
			files = (
				C4B6DBF01AB31B9000ED883A /* Main.storyboard in Resources */,
				C4B6DBF51AB31B9000ED883A /* LaunchScreen.xib in Resources */,
				C4B6DBF21AB31B9000ED883A /* Images.xcassets in Resources */,
			);
			runOnlyForDeploymentPostprocessing = 0;
		};
		C4B6DBF81AB31B9000ED883A /* Resources */ = {
			isa = PBXResourcesBuildPhase;
			buildActionMask = 2147483647;
			files = (
			);
			runOnlyForDeploymentPostprocessing = 0;
		};
/* End PBXResourcesBuildPhase section */

/* Begin PBXSourcesBuildPhase section */
		C4B6DBE11AB31B9000ED883A /* Sources */ = {
			isa = PBXSourcesBuildPhase;
			buildActionMask = 2147483647;
			files = (
				C4B6DBED1AB31B9000ED883A /* ViewController.swift in Sources */,
				C4B6DBEB1AB31B9000ED883A /* AppDelegate.swift in Sources */,
			);
			runOnlyForDeploymentPostprocessing = 0;
		};
		C4B6DBF61AB31B9000ED883A /* Sources */ = {
			isa = PBXSourcesBuildPhase;
			buildActionMask = 2147483647;
			files = (
				C4B6DC011AB31B9000ED883A /* NewQuickExampleTests.swift in Sources */,
			);
			runOnlyForDeploymentPostprocessing = 0;
		};
/* End PBXSourcesBuildPhase section */

/* Begin PBXTargetDependency section */
		C4B6DBFC1AB31B9000ED883A /* PBXTargetDependency */ = {
			isa = PBXTargetDependency;
			target = C4B6DBE41AB31B9000ED883A /* NewQuickExample */;
			targetProxy = C4B6DBFB1AB31B9000ED883A /* PBXContainerItemProxy */;
		};
/* End PBXTargetDependency section */

/* Begin PBXVariantGroup section */
		C4B6DBEE1AB31B9000ED883A /* Main.storyboard */ = {
			isa = PBXVariantGroup;
			children = (
				C4B6DBEF1AB31B9000ED883A /* Base */,
			);
			name = Main.storyboard;
			sourceTree = "<group>";
		};
		C4B6DBF31AB31B9000ED883A /* LaunchScreen.xib */ = {
			isa = PBXVariantGroup;
			children = (
				C4B6DBF41AB31B9000ED883A /* Base */,
			);
			name = LaunchScreen.xib;
			sourceTree = "<group>";
		};
/* End PBXVariantGroup section */

/* Begin XCBuildConfiguration section */
		C4B6DC021AB31B9000ED883A /* Debug */ = {
			isa = XCBuildConfiguration;
			buildSettings = {
				ALWAYS_SEARCH_USER_PATHS = NO;
				CLANG_CXX_LANGUAGE_STANDARD = "gnu++0x";
				CLANG_CXX_LIBRARY = "libc++";
				CLANG_ENABLE_MODULES = YES;
				CLANG_ENABLE_OBJC_ARC = YES;
				CLANG_WARN_BOOL_CONVERSION = YES;
				CLANG_WARN_CONSTANT_CONVERSION = YES;
				CLANG_WARN_DIRECT_OBJC_ISA_USAGE = YES_ERROR;
				CLANG_WARN_EMPTY_BODY = YES;
				CLANG_WARN_ENUM_CONVERSION = YES;
				CLANG_WARN_INT_CONVERSION = YES;
				CLANG_WARN_OBJC_ROOT_CLASS = YES_ERROR;
				CLANG_WARN_UNREACHABLE_CODE = YES;
				CLANG_WARN__DUPLICATE_METHOD_MATCH = YES;
				"CODE_SIGN_IDENTITY[sdk=iphoneos*]" = "iPhone Developer";
				COPY_PHASE_STRIP = NO;
				ENABLE_STRICT_OBJC_MSGSEND = YES;
				GCC_C_LANGUAGE_STANDARD = gnu99;
				GCC_DYNAMIC_NO_PIC = NO;
				GCC_OPTIMIZATION_LEVEL = 0;
				GCC_PREPROCESSOR_DEFINITIONS = (
					"DEBUG=1",
					"$(inherited)",
				);
				GCC_SYMBOLS_PRIVATE_EXTERN = NO;
				GCC_WARN_64_TO_32_BIT_CONVERSION = YES;
				GCC_WARN_ABOUT_RETURN_TYPE = YES_ERROR;
				GCC_WARN_UNDECLARED_SELECTOR = YES;
				GCC_WARN_UNINITIALIZED_AUTOS = YES_AGGRESSIVE;
				GCC_WARN_UNUSED_FUNCTION = YES;
				GCC_WARN_UNUSED_VARIABLE = YES;
				IPHONEOS_DEPLOYMENT_TARGET = 8.2;
				MTL_ENABLE_DEBUG_INFO = YES;
				ONLY_ACTIVE_ARCH = YES;
				SDKROOT = iphoneos;
				SWIFT_OPTIMIZATION_LEVEL = "-Onone";
			};
			name = Debug;
		};
		C4B6DC031AB31B9000ED883A /* Release */ = {
			isa = XCBuildConfiguration;
			buildSettings = {
				ALWAYS_SEARCH_USER_PATHS = NO;
				CLANG_CXX_LANGUAGE_STANDARD = "gnu++0x";
				CLANG_CXX_LIBRARY = "libc++";
				CLANG_ENABLE_MODULES = YES;
				CLANG_ENABLE_OBJC_ARC = YES;
				CLANG_WARN_BOOL_CONVERSION = YES;
				CLANG_WARN_CONSTANT_CONVERSION = YES;
				CLANG_WARN_DIRECT_OBJC_ISA_USAGE = YES_ERROR;
				CLANG_WARN_EMPTY_BODY = YES;
				CLANG_WARN_ENUM_CONVERSION = YES;
				CLANG_WARN_INT_CONVERSION = YES;
				CLANG_WARN_OBJC_ROOT_CLASS = YES_ERROR;
				CLANG_WARN_UNREACHABLE_CODE = YES;
				CLANG_WARN__DUPLICATE_METHOD_MATCH = YES;
				"CODE_SIGN_IDENTITY[sdk=iphoneos*]" = "iPhone Developer";
				COPY_PHASE_STRIP = NO;
				ENABLE_NS_ASSERTIONS = NO;
				ENABLE_STRICT_OBJC_MSGSEND = YES;
				GCC_C_LANGUAGE_STANDARD = gnu99;
				GCC_WARN_64_TO_32_BIT_CONVERSION = YES;
				GCC_WARN_ABOUT_RETURN_TYPE = YES_ERROR;
				GCC_WARN_UNDECLARED_SELECTOR = YES;
				GCC_WARN_UNINITIALIZED_AUTOS = YES_AGGRESSIVE;
				GCC_WARN_UNUSED_FUNCTION = YES;
				GCC_WARN_UNUSED_VARIABLE = YES;
				IPHONEOS_DEPLOYMENT_TARGET = 8.2;
				MTL_ENABLE_DEBUG_INFO = NO;
				SDKROOT = iphoneos;
				VALIDATE_PRODUCT = YES;
			};
			name = Release;
		};
		C4B6DC051AB31B9000ED883A /* Debug */ = {
			isa = XCBuildConfiguration;
			buildSettings = {
				ASSETCATALOG_COMPILER_APPICON_NAME = AppIcon;
				INFOPLIST_FILE = NewQuickExample/Info.plist;
				LD_RUNPATH_SEARCH_PATHS = "$(inherited) @executable_path/Frameworks";
				PRODUCT_NAME = "$(TARGET_NAME)";
			};
			name = Debug;
		};
		C4B6DC061AB31B9000ED883A /* Release */ = {
			isa = XCBuildConfiguration;
			buildSettings = {
				ASSETCATALOG_COMPILER_APPICON_NAME = AppIcon;
				INFOPLIST_FILE = NewQuickExample/Info.plist;
				LD_RUNPATH_SEARCH_PATHS = "$(inherited) @executable_path/Frameworks";
				PRODUCT_NAME = "$(TARGET_NAME)";
			};
			name = Release;
		};
		C4B6DC081AB31B9000ED883A /* Debug */ = {
			isa = XCBuildConfiguration;
			buildSettings = {
				BUNDLE_LOADER = "$(TEST_HOST)";
				FRAMEWORK_SEARCH_PATHS = (
					"$(SDKROOT)/Developer/Library/Frameworks",
					"$(inherited)",
				);
				GCC_PREPROCESSOR_DEFINITIONS = (
					"DEBUG=1",
					"$(inherited)",
				);
				INFOPLIST_FILE = NewQuickExampleTests/Info.plist;
				LD_RUNPATH_SEARCH_PATHS = "$(inherited) @executable_path/Frameworks @loader_path/Frameworks";
				PRODUCT_NAME = "$(TARGET_NAME)";
				TEST_HOST = "$(BUILT_PRODUCTS_DIR)/NewQuickExample.app/NewQuickExample";
			};
			name = Debug;
		};
		C4B6DC091AB31B9000ED883A /* Release */ = {
			isa = XCBuildConfiguration;
			buildSettings = {
				BUNDLE_LOADER = "$(TEST_HOST)";
				FRAMEWORK_SEARCH_PATHS = (
					"$(SDKROOT)/Developer/Library/Frameworks",
					"$(inherited)",
				);
				INFOPLIST_FILE = NewQuickExampleTests/Info.plist;
				LD_RUNPATH_SEARCH_PATHS = "$(inherited) @executable_path/Frameworks @loader_path/Frameworks";
				PRODUCT_NAME = "$(TARGET_NAME)";
				TEST_HOST = "$(BUILT_PRODUCTS_DIR)/NewQuickExample.app/NewQuickExample";
			};
			name = Release;
		};
/* End XCBuildConfiguration section */

/* Begin XCConfigurationList section */
		C4B6DBE01AB31B9000ED883A /* Build configuration list for PBXProject "NewQuickExample" */ = {
			isa = XCConfigurationList;
			buildConfigurations = (
				C4B6DC021AB31B9000ED883A /* Debug */,
				C4B6DC031AB31B9000ED883A /* Release */,
			);
			defaultConfigurationIsVisible = 0;
			defaultConfigurationName = Release;
		};
		C4B6DC041AB31B9000ED883A /* Build configuration list for PBXNativeTarget "NewQuickExample" */ = {
			isa = XCConfigurationList;
			buildConfigurations = (
				C4B6DC051AB31B9000ED883A /* Debug */,
				C4B6DC061AB31B9000ED883A /* Release */,
			);
			defaultConfigurationIsVisible = 0;
		};
		C4B6DC071AB31B9000ED883A /* Build configuration list for PBXNativeTarget "NewQuickExampleTests" */ = {
			isa = XCConfigurationList;
			buildConfigurations = (
				C4B6DC081AB31B9000ED883A /* Debug */,
				C4B6DC091AB31B9000ED883A /* Release */,
			);
			defaultConfigurationIsVisible = 0;
		};
/* End XCConfigurationList section */
	};
	rootObject = C4B6DBDD1AB31B9000ED883A /* Project object */;
}
